
Microsoft Visual Studio Solution File, Format Version 12.00
# Visual Studio 15
VisualStudioVersion = 15.0.33026.149
MinimumVisualStudioVersion = 10.0.40219.1
Project("{FAE04EC0-301F-11D3-BF4B-00C04F79EFBC}") = "BookCrossing", "BookCrossing\BookCrossing.csproj", "{777AE3EE-CFD9-41E7-A5F6-37A079B01B0E}"
EndProject
Global
	GlobalSection(SolutionConfigurationPlatforms) = preSolution
		Debug|Any CPU = Debug|Any CPU
		Release|Any CPU = Release|Any CPU
	EndGlobalSection
	GlobalSection(ProjectConfigurationPlatforms) = postSolution
		{777AE3EE-CFD9-41E7-A5F6-37A079B01B0E}.Debug|Any CPU.ActiveCfg = Debug|Any CPU
		{777AE3EE-CFD9-41E7-A5F6-37A079B01B0E}.Debug|Any CPU.Build.0 = Debug|Any CPU
		{777AE3EE-CFD9-41E7-A5F6-37A079B01B0E}.Release|Any CPU.ActiveCfg = Release|Any CPU
		{777AE3EE-CFD9-41E7-A5F6-37A079B01B0E}.Release|Any CPU.Build.0 = Release|Any CPU
	EndGlobalSection
	GlobalSection(SolutionProperties) = preSolution
		HideSolutionNode = FALSE
	EndGlobalSection
	GlobalSection(ExtensibilityGlobals) = postSolution
		SolutionGuid = {7FE6FF8E-E3BC-4227-A1ED-B67FE256BB9B}
	EndGlobalSection
EndGlobal
